
Microsoft Visual Studio Solution File, Format Version 12.00
# Visual Studio Version 17
VisualStudioVersion = 17.3.32901.215
MinimumVisualStudioVersion = 10.0.40219.1
Project("{FAE04EC0-301F-11D3-BF4B-00C04F79EFBC}") = "ApplicationLayer", "ApplicationLayer\ApplicationLayer.csproj", "{595D7486-E29D-453E-98BE-2DC9EE65AA9A}"
EndProject
Project("{FAE04EC0-301F-11D3-BF4B-00C04F79EFBC}") = "BLL", "BLL\BLL.csproj", "{61AA3DF5-BD79-4256-AB98-C1C623B17642}"
EndProject
Project("{FAE04EC0-301F-11D3-BF4B-00C04F79EFBC}") = "DAL", "DAL\DAL.csproj", "{A53A7040-CB03-46C3-8EBE-CD954337FA52}"
EndProject
Global
	GlobalSection(SolutionConfigurationPlatforms) = preSolution
		Debug|Any CPU = Debug|Any CPU
		Release|Any CPU = Release|Any CPU
	EndGlobalSection
	GlobalSection(ProjectConfigurationPlatforms) = postSolution
		{595D7486-E29D-453E-98BE-2DC9EE65AA9A}.Debug|Any CPU.ActiveCfg = Debug|Any CPU
		{595D7486-E29D-453E-98BE-2DC9EE65AA9A}.Debug|Any CPU.Build.0 = Debug|Any CPU
		{595D7486-E29D-453E-98BE-2DC9EE65AA9A}.Release|Any CPU.ActiveCfg = Release|Any CPU
		{595D7486-E29D-453E-98BE-2DC9EE65AA9A}.Release|Any CPU.Build.0 = Release|Any CPU
		{61AA3DF5-BD79-4256-AB98-C1C623B17642}.Debug|Any CPU.ActiveCfg = Debug|Any CPU
		{61AA3DF5-BD79-4256-AB98-C1C623B17642}.Debug|Any CPU.Build.0 = Debug|Any CPU
		{61AA3DF5-BD79-4256-AB98-C1C623B17642}.Release|Any CPU.ActiveCfg = Release|Any CPU
		{61AA3DF5-BD79-4256-AB98-C1C623B17642}.Release|Any CPU.Build.0 = Release|Any CPU
		{A53A7040-CB03-46C3-8EBE-CD954337FA52}.Debug|Any CPU.ActiveCfg = Debug|Any CPU
		{A53A7040-CB03-46C3-8EBE-CD954337FA52}.Debug|Any CPU.Build.0 = Debug|Any CPU
		{A53A7040-CB03-46C3-8EBE-CD954337FA52}.Release|Any CPU.ActiveCfg = Release|Any CPU
		{A53A7040-CB03-46C3-8EBE-CD954337FA52}.Release|Any CPU.Build.0 = Release|Any CPU
	EndGlobalSection
	GlobalSection(SolutionProperties) = preSolution
		HideSolutionNode = FALSE
	EndGlobalSection
	GlobalSection(ExtensibilityGlobals) = postSolution
		SolutionGuid = {B819162E-5484-47FC-A0E6-B90E6F80654A}
	EndGlobalSection
EndGlobal
